{
  "nodes": {
    "ags": {
      "inputs": {
        "astal": [
          "ckgpkgs",
          "astal"
        ],
        "nixpkgs": [
          "ckgpkgs",
          "nixpkgs"
        ]
      },
      "locked": {
        "lastModified": 1764289441,
        "narHash": "sha256-ak+lgFiYE5PHByN1/BRkO5JP498hno6Ix24C1Qf/vec=",
        "owner": "aylur",
        "repo": "ags",
        "rev": "e169694390548dfd38ff40f1ef2163d6c3ffe3ea",
        "type": "github"
      },
      "original": {
        "owner": "aylur",
        "repo": "ags",
        "type": "github"
      }
    },
    "astal": {
      "inputs": {
        "nixpkgs": [
          "ckgpkgs",
          "nixpkgs"
        ]
      },
      "locked": {
        "lastModified": 1769774308,
        "narHash": "sha256-8Ve6VdUpcYbl8bS5oyDwVnnNobyPxdPmUHGgSDyOazQ=",
        "owner": "aylur",
        "repo": "astal",
        "rev": "eb235f8813bdea2a4a38ac228f2efc4e2a8a90af",
        "type": "github"
      },
      "original": {
        "owner": "aylur",
        "repo": "astal",
        "type": "github"
      }
    },
    "blueprint": {
      "inputs": {
        "nixpkgs": "nixpkgs",
        "systems": "systems"
      },
      "locked": {
        "lastModified": 1752482368,
        "narHash": "sha256-yXGfQUfLuaf/Hwfwv7kb4N9naP2mEJdmQbpnlpZNozY=",
        "owner": "numtide",
        "repo": "blueprint",
        "rev": "01fc4563e791b61fbc8b8c31a4f6ce87648e926a",
        "type": "github"
      },
      "original": {
        "owner": "numtide",
        "ref": "refs/pull/122/head",
        "repo": "blueprint",
        "type": "github"
      }
    },
    "ckgpkgs": {
      "inputs": {
        "ags": "ags",
        "astal": "astal",
        "nixpkgs": [
          "nixpkgs"
        ]
      },
      "locked": {
        "lastModified": 1772539274,
        "narHash": "sha256-28emhwyLjjSEVUtmp+o0pWfUmGdvvKxeB8tTFMFDm04=",
        "owner": "ckgxrg-salt",
        "repo": "ckgpkgs",
        "rev": "9aa8ff0628cd9e4e5338079399376e855a1b0fb3",
        "type": "github"
      },
      "original": {
        "owner": "ckgxrg-salt",
        "repo": "ckgpkgs",
        "type": "github"
      }
    },
    "disko": {
      "inputs": {
        "nixpkgs": [
          "nixpkgs"
        ]
      },
      "locked": {
        "lastModified": 1773025010,
        "narHash": "sha256-khlHllTsovXgT2GZ0WxT4+RvuMjNeR5OW0UYeEHPYQo=",
        "owner": "nix-community",
        "repo": "disko",
        "rev": "7b9f7f88ab3b339f8142dc246445abb3c370d3d3",
        "type": "github"
      },
      "original": {
        "owner": "nix-community",
        "repo": "disko",
        "type": "github"
      }
    },
    "lollypops": {
      "inputs": {
        "blueprint": "blueprint",
        "nixpkgs": [
          "nixpkgs"
        ]
      },
      "locked": {
        "lastModified": 1757592518,
        "narHash": "sha256-sG2aBaIDnZM5XCljs5Gfjxq8yxdPIIko8SEQc+8eeAc=",
        "owner": "pinpox",
        "repo": "lollypops",
        "rev": "e5987a4c18a2664ccff1ac83f198dc0d65800b9c",
        "type": "github"
      },
      "original": {
        "owner": "pinpox",
        "repo": "lollypops",
        "type": "github"
      }
    },
    "nixpkgs": {
      "locked": {
        "lastModified": 1741513245,
        "narHash": "sha256-7rTAMNTY1xoBwz0h7ZMtEcd8LELk9R5TzBPoHuhNSCk=",
        "owner": "nixos",
        "repo": "nixpkgs",
        "rev": "e3e32b642a31e6714ec1b712de8c91a3352ce7e1",
        "type": "github"
      },
      "original": {
        "owner": "nixos",
        "ref": "nixos-unstable",
        "repo": "nixpkgs",
        "type": "github"
      }
    },
    "nixpkgs_2": {
      "locked": {
        "lastModified": 1773148319,
        "narHash": "sha256-Yr9ej3uSDycQZHWB5HslVgryLkdSBN2fODAqURv/1wQ=",
        "owner": "nixos",
        "repo": "nixpkgs",
        "rev": "8da79c289ee165139257335eab0733d98c4ad458",
        "type": "github"
      },
      "original": {
        "owner": "nixos",
        "ref": "nixos-unstable-small",
        "repo": "nixpkgs",
        "type": "github"
      }
    },
    "root": {
      "inputs": {
        "ckgpkgs": "ckgpkgs",
        "disko": "disko",
        "lollypops": "lollypops",
        "nixpkgs": "nixpkgs_2",
        "sops-nix": "sops-nix"
      }
    },
    "sops-nix": {
      "inputs": {
        "nixpkgs": [
          "nixpkgs"
        ]
      },
      "locked": {
        "lastModified": 1773096132,
        "narHash": "sha256-M3zEnq9OElB7zqc+mjgPlByPm1O5t2fbUrH3t/Hm5Ag=",
        "owner": "mic92",
        "repo": "sops-nix",
        "rev": "d1ff3b1034d5bab5d7d8086a7803c5a5968cd784",
        "type": "github"
      },
      "original": {
        "owner": "mic92",
        "repo": "sops-nix",
        "type": "github"
      }
    },
    "systems": {
      "locked": {
        "lastModified": 1681028828,
        "narHash": "sha256-Vy1rq5AaRuLzOxct8nz4T6wlgyUR7zLU309k9mBC768=",
        "owner": "nix-systems",
        "repo": "default",
        "rev": "da67096a3b9bf56a91d16901293e51ba5b49a27e",
        "type": "github"
      },
      "original": {
        "owner": "nix-systems",
        "repo": "default",
        "type": "github"
      }
    }
  },
  "root": "root",
  "version": 7
}
