{
  "nodes": {
    "ags": {
      "inputs": {
        "astal": [
          "ckgpkgs",
          "astal"
        ],
        "gnim": "gnim",
        "nixpkgs": [
          "ckgpkgs",
          "nixpkgs"
        ]
      },
      "locked": {
        "lastModified": 1751041069,
        "narHash": "sha256-YK268dyhPxEUD6UI4iFIwS41DgCMHZSabaoajFX45b0=",
        "owner": "aylur",
        "repo": "ags",
        "rev": "48ada2c6ae240db1223258bad81f19eb0976d6ea",
        "type": "github"
      },
      "original": {
        "owner": "aylur",
        "ref": "v3",
        "repo": "ags",
        "type": "github"
      }
    },
    "astal": {
      "inputs": {
        "nixpkgs": [
          "ckgpkgs",
          "nixpkgs"
        ]
      },
      "locked": {
        "lastModified": 1757497936,
        "narHash": "sha256-BSfvr7wdY5SbathVlrOW7vCyI9UGVIe2b9rTJ0O5IKo=",
        "owner": "aylur",
        "repo": "astal",
        "rev": "344a6dce56437a190b99e516a6cab8332cccf19e",
        "type": "github"
      },
      "original": {
        "owner": "aylur",
        "repo": "astal",
        "type": "github"
      }
    },
    "blueprint": {
      "inputs": {
        "nixpkgs": "nixpkgs",
        "systems": "systems"
      },
      "locked": {
        "lastModified": 1752482368,
        "narHash": "sha256-yXGfQUfLuaf/Hwfwv7kb4N9naP2mEJdmQbpnlpZNozY=",
        "owner": "numtide",
        "repo": "blueprint",
        "rev": "01fc4563e791b61fbc8b8c31a4f6ce87648e926a",
        "type": "github"
      },
      "original": {
        "owner": "numtide",
        "ref": "refs/pull/122/head",
        "repo": "blueprint",
        "type": "github"
      }
    },
    "ckgpkgs": {
      "inputs": {
        "ags": "ags",
        "astal": "astal",
        "nixpkgs": [
          "nixpkgs"
        ]
      },
      "locked": {
        "lastModified": 1758803106,
        "narHash": "sha256-qQyPb4dbIrlmMe73ThMv/9LMdG4CfqylcKvfUkhurAw=",
        "owner": "ckgxrg-salt",
        "repo": "ckgpkgs",
        "rev": "b8e7fde9de457c2d2c126781235b27cd50350885",
        "type": "github"
      },
      "original": {
        "owner": "ckgxrg-salt",
        "repo": "ckgpkgs",
        "type": "github"
      }
    },
    "disko": {
      "inputs": {
        "nixpkgs": [
          "nixpkgs"
        ]
      },
      "locked": {
        "lastModified": 1758287904,
        "narHash": "sha256-IGmaEf3Do8o5Cwp1kXBN1wQmZwQN3NLfq5t4nHtVtcU=",
        "owner": "nix-community",
        "repo": "disko",
        "rev": "67ff9807dd148e704baadbd4fd783b54282ca627",
        "type": "github"
      },
      "original": {
        "owner": "nix-community",
        "repo": "disko",
        "type": "github"
      }
    },
    "gnim": {
      "flake": false,
      "locked": {
        "lastModified": 1750803500,
        "narHash": "sha256-6eM7gaRneUW+Zzg6xZtz6dllaFtUNDVnYH+dPx6XYP4=",
        "owner": "aylur",
        "repo": "gnim",
        "rev": "ab86c755d5c610999ab0ddcb0f4d60b1ccf5c9c6",
        "type": "github"
      },
      "original": {
        "owner": "aylur",
        "repo": "gnim",
        "type": "github"
      }
    },
    "lollypops": {
      "inputs": {
        "blueprint": "blueprint",
        "nixpkgs": [
          "nixpkgs"
        ]
      },
      "locked": {
        "lastModified": 1757592518,
        "narHash": "sha256-sG2aBaIDnZM5XCljs5Gfjxq8yxdPIIko8SEQc+8eeAc=",
        "owner": "pinpox",
        "repo": "lollypops",
        "rev": "e5987a4c18a2664ccff1ac83f198dc0d65800b9c",
        "type": "github"
      },
      "original": {
        "owner": "pinpox",
        "repo": "lollypops",
        "type": "github"
      }
    },
    "nixpkgs": {
      "locked": {
        "lastModified": 1741513245,
        "narHash": "sha256-7rTAMNTY1xoBwz0h7ZMtEcd8LELk9R5TzBPoHuhNSCk=",
        "owner": "nixos",
        "repo": "nixpkgs",
        "rev": "e3e32b642a31e6714ec1b712de8c91a3352ce7e1",
        "type": "github"
      },
      "original": {
        "owner": "nixos",
        "ref": "nixos-unstable",
        "repo": "nixpkgs",
        "type": "github"
      }
    },
    "nixpkgs_2": {
      "locked": {
        "lastModified": 1759240490,
        "narHash": "sha256-RPoiXImMd8sEYqOFd71pis08RheOgrd859E+5CIp6Sw=",
        "owner": "nixos",
        "repo": "nixpkgs",
        "rev": "b6f6c613838dd776620c34e8f15fe4d8a9cdf9c0",
        "type": "github"
      },
      "original": {
        "owner": "nixos",
        "ref": "nixos-unstable-small",
        "repo": "nixpkgs",
        "type": "github"
      }
    },
    "root": {
      "inputs": {
        "ckgpkgs": "ckgpkgs",
        "disko": "disko",
        "lollypops": "lollypops",
        "nixpkgs": "nixpkgs_2",
        "sops-nix": "sops-nix"
      }
    },
    "sops-nix": {
      "inputs": {
        "nixpkgs": [
          "nixpkgs"
        ]
      },
      "locked": {
        "lastModified": 1759188042,
        "narHash": "sha256-f9QC2KKiNReZDG2yyKAtDZh0rSK2Xp1wkPzKbHeQVRU=",
        "owner": "mic92",
        "repo": "sops-nix",
        "rev": "9fcfabe085281dd793589bdc770a2e577a3caa5d",
        "type": "github"
      },
      "original": {
        "owner": "mic92",
        "repo": "sops-nix",
        "type": "github"
      }
    },
    "systems": {
      "locked": {
        "lastModified": 1681028828,
        "narHash": "sha256-Vy1rq5AaRuLzOxct8nz4T6wlgyUR7zLU309k9mBC768=",
        "owner": "nix-systems",
        "repo": "default",
        "rev": "da67096a3b9bf56a91d16901293e51ba5b49a27e",
        "type": "github"
      },
      "original": {
        "owner": "nix-systems",
        "repo": "default",
        "type": "github"
      }
    }
  },
  "root": "root",
  "version": 7
}
